[[package]]
name = "beautifulsoup4"
version = "4.10.0"
description = "Screen-scraping library"
category = "main"
optional = false
python-versions = ">3.0.0"

[package.dependencies]
soupsieve = ">1.2"

[package.extras]
html5lib = ["html5lib"]
lxml = ["lxml"]

[[package]]
name = "blinker"
version = "1.4"
description = "Fast, simple object-to-object and broadcast signaling"
category = "main"
optional = false
python-versions = "*"

[[package]]
name = "commonmark"
version = "0.9.1"
description = "Python parser for the CommonMark Markdown spec"
category = "main"
optional = false
python-versions = "*"

[package.extras]
test = ["flake8 (==3.7.8)", "hypothesis (==3.55.3)"]

[[package]]
name = "docutils"
version = "0.18.1"
description = "Docutils -- Python Documentation Utilities"
category = "main"
optional = false
python-versions = ">=2.7, !=3.0.*, !=3.1.*, !=3.2.*, !=3.3.*, !=3.4.*"

[[package]]
name = "feedgenerator"
version = "2.0.0"
description = "Standalone version of django.utils.feedgenerator"
category = "main"
optional = false
python-versions = ">=3.6"

[package.dependencies]
pytz = ">=0a"

[[package]]
name = "jinja2"
version = "3.1.1"
description = "A very fast and expressive template engine."
category = "main"
optional = false
python-versions = ">=3.7"

[package.dependencies]
MarkupSafe = ">=2.0"

[package.extras]
i18n = ["Babel (>=2.7)"]

[[package]]
name = "markdown"
version = "3.3.6"
description = "Python implementation of Markdown."
category = "main"
optional = false
python-versions = ">=3.6"

[package.extras]
testing = ["coverage", "pyyaml"]

[[package]]
name = "markdown-word-count"
version = "0.0.1"
description = "Word counter for raw Markdown files"
category = "main"
optional = false
python-versions = ">=3.6"

[[package]]
name = "markupsafe"
version = "2.1.1"
description = "Safely add untrusted strings to HTML/XML markup."
category = "main"
optional = false
python-versions = ">=3.7"

[[package]]
name = "pelican"
version = "4.7.2"
description = "Static site generator supporting Markdown and reStructuredText"
category = "main"
optional = false
python-versions = ">=3.6,<4.0"

[package.dependencies]
blinker = ">=1.4"
docutils = ">=0.16"
feedgenerator = ">=1.9"
jinja2 = ">=2.7"
markdown = {version = ">=3.1", optional = true, markers = "extra == \"markdown\""}
pygments = ">=2.6"
python-dateutil = ">=2.8"
pytz = ">=2020.1"
rich = ">=10.1"
unidecode = ">=1.1"

[package.extras]
markdown = ["markdown (>=3.1)"]

[[package]]
name = "pelican-frontmark"
version = "1.2.1"
description = "CommonMark/Frontmatter reader for Pelican"
category = "main"
optional = false
python-versions = ">=3.5"

[package.dependencies]
commonmark = ">=0.9.1"
pelican = ">=3.7.0"
pyyaml = "*"

[package.extras]
qa = ["pytest-cov", "flake8"]
test = ["pytest", "pyquery"]

[[package]]
name = "pelican-neighbors"
version = "1.2.0"
description = "Neighbors is a Pelican plugin that adds Next/Previous links to articles"
category = "main"
optional = false
python-versions = ">=3.6.2,<4.0"

[package.dependencies]
pelican = ">=3,<5"

[package.extras]
markdown = ["markdown (>=3.2,<4.0)"]

[[package]]
name = "pelican-pandoc-reader"
version = "1.1.0"
description = "Pelican plugin for converting Pandoc's Markdown variant to HTML."
category = "main"
optional = false
python-versions = ">=3.6,<4.0"

[package.dependencies]
beautifulsoup4 = ">=4.9.3,<5.0.0"
markdown-word-count = ">=0.0.1,<0.0.2"
pelican = ">=4.5,<5.0"
pyyaml = ">=5.3.1,<6.0.0"

[package.extras]
markdown = ["markdown (>=3.2.2,<4.0.0)"]

[[package]]
name = "pygments"
version = "2.11.2"
description = "Pygments is a syntax highlighting package written in Python."
category = "main"
optional = false
python-versions = ">=3.5"

[[package]]
name = "python-dateutil"
version = "2.8.2"
description = "Extensions to the standard Python datetime module"
category = "main"
optional = false
python-versions = "!=3.0.*,!=3.1.*,!=3.2.*,>=2.7"

[package.dependencies]
six = ">=1.5"

[[package]]
name = "pytz"
version = "2022.1"
description = "World timezone definitions, modern and historical"
category = "main"
optional = false
python-versions = "*"

[[package]]
name = "pyyaml"
version = "5.4.1"
description = "YAML parser and emitter for Python"
category = "main"
optional = false
python-versions = ">=2.7, !=3.0.*, !=3.1.*, !=3.2.*, !=3.3.*, !=3.4.*, !=3.5.*"

[[package]]
name = "rich"
version = "12.0.1"
description = "Render rich text, tables, progress bars, syntax highlighting, markdown and more to the terminal"
category = "main"
optional = false
python-versions = ">=3.6.2,<4.0.0"

[package.dependencies]
commonmark = ">=0.9.0,<0.10.0"
pygments = ">=2.6.0,<3.0.0"

[package.extras]
jupyter = ["ipywidgets (>=7.5.1,<8.0.0)"]

[[package]]
name = "six"
version = "1.16.0"
description = "Python 2 and 3 compatibility utilities"
category = "main"
optional = false
python-versions = ">=2.7, !=3.0.*, !=3.1.*, !=3.2.*"

[[package]]
name = "smartypants"
version = "2.0.1"
description = "Python with the SmartyPants"
category = "main"
optional = false
python-versions = "*"

[[package]]
name = "soupsieve"
version = "2.3.1"
description = "A modern CSS selector implementation for Beautiful Soup."
category = "main"
optional = false
python-versions = ">=3.6"

[[package]]
name = "typogrify"
version = "2.0.7"
description = "Filters to enhance web typography, including support for Django & Jinja templates"
category = "main"
optional = false
python-versions = "*"

[package.dependencies]
smartypants = ">=1.8.3"

[[package]]
name = "unidecode"
version = "1.3.4"
description = "ASCII transliterations of Unicode text"
category = "main"
optional = false
python-versions = ">=3.5"

[metadata]
lock-version = "1.1"
python-versions = "^3.10"
content-hash = "f46b8f89e12090cbb645cb37ef647eca1361d612cb781a6f8a98e22889df92fa"

[metadata.files]
beautifulsoup4 = [
    {file = "beautifulsoup4-4.10.0-py3-none-any.whl", hash = "sha256:9a315ce70049920ea4572a4055bc4bd700c940521d36fc858205ad4fcde149bf"},
    {file = "beautifulsoup4-4.10.0.tar.gz", hash = "sha256:c23ad23c521d818955a4151a67d81580319d4bf548d3d49f4223ae041ff98891"},
]
blinker = [
    {file = "blinker-1.4.tar.gz", hash = "sha256:471aee25f3992bd325afa3772f1063dbdbbca947a041b8b89466dc00d606f8b6"},
]
commonmark = [
    {file = "commonmark-0.9.1-py2.py3-none-any.whl", hash = "sha256:da2f38c92590f83de410ba1a3cbceafbc74fee9def35f9251ba9a971d6d66fd9"},
    {file = "commonmark-0.9.1.tar.gz", hash = "sha256:452f9dc859be7f06631ddcb328b6919c67984aca654e5fefb3914d54691aed60"},
]
docutils = [
    {file = "docutils-0.18.1-py2.py3-none-any.whl", hash = "sha256:23010f129180089fbcd3bc08cfefccb3b890b0050e1ca00c867036e9d161b98c"},
    {file = "docutils-0.18.1.tar.gz", hash = "sha256:679987caf361a7539d76e584cbeddc311e3aee937877c87346f31debc63e9d06"},
]
feedgenerator = [
    {file = "feedgenerator-2.0.0-py3-none-any.whl", hash = "sha256:fc4a1e557f56b072d4f9a1b062cc98ea3691133bbd966d85707a7d5629b2e32e"},
    {file = "feedgenerator-2.0.0.tar.gz", hash = "sha256:6836d456b8b0edbc5b6d3a42d1be852cebd43d2f28af4ff51789eb295f1860e2"},
]
jinja2 = [
    {file = "Jinja2-3.1.1-py3-none-any.whl", hash = "sha256:539835f51a74a69f41b848a9645dbdc35b4f20a3b601e2d9a7e22947b15ff119"},
    {file = "Jinja2-3.1.1.tar.gz", hash = "sha256:640bed4bb501cbd17194b3cace1dc2126f5b619cf068a726b98192a0fde74ae9"},
]
markdown = [
    {file = "Markdown-3.3.6-py3-none-any.whl", hash = "sha256:9923332318f843411e9932237530df53162e29dc7a4e2b91e35764583c46c9a3"},
    {file = "Markdown-3.3.6.tar.gz", hash = "sha256:76df8ae32294ec39dcf89340382882dfa12975f87f45c3ed1ecdb1e8cefc7006"},
]
markdown-word-count = [
    {file = "markdown-word-count-0.0.1.tar.gz", hash = "sha256:c360b90aade0d6c893f92dec1767427d6ddf51d4b553230a5d3b3a611d515e2d"},
    {file = "markdown_word_count-0.0.1-py3-none-any.whl", hash = "sha256:f716134f29cdde33b6f9c18d692690f7901ed9d911c1f3ccd6036bd5aacd17cf"},
    {file = "markdown_word_count-0.0.1-py3.8.egg", hash = "sha256:d052fc3794d553cace6c8e8e9a4f6f1a61af40920efaa13fd69f78e8ad58d639"},
]
markupsafe = [
    {file = "MarkupSafe-2.1.1-cp310-cp310-macosx_10_9_universal2.whl", hash = "sha256:86b1f75c4e7c2ac2ccdaec2b9022845dbb81880ca318bb7a0a01fbf7813e3812"},
    {file = "MarkupSafe-2.1.1-cp310-cp310-macosx_10_9_x86_64.whl", hash = "sha256:f121a1420d4e173a5d96e47e9a0c0dcff965afdf1626d28de1460815f7c4ee7a"},
    {file = "MarkupSafe-2.1.1-cp310-cp310-manylinux_2_17_aarch64.manylinux2014_aarch64.whl", hash = "sha256:a49907dd8420c5685cfa064a1335b6754b74541bbb3706c259c02ed65b644b3e"},
    {file = "MarkupSafe-2.1.1-cp310-cp310-manylinux_2_17_x86_64.manylinux2014_x86_64.whl", hash = "sha256:10c1bfff05d95783da83491be968e8fe789263689c02724e0c691933c52994f5"},
    {file = "MarkupSafe-2.1.1-cp310-cp310-manylinux_2_5_i686.manylinux1_i686.manylinux_2_17_i686.manylinux2014_i686.whl", hash = "sha256:b7bd98b796e2b6553da7225aeb61f447f80a1ca64f41d83612e6139ca5213aa4"},
    {file = "MarkupSafe-2.1.1-cp310-cp310-musllinux_1_1_aarch64.whl", hash = "sha256:b09bf97215625a311f669476f44b8b318b075847b49316d3e28c08e41a7a573f"},
    {file = "MarkupSafe-2.1.1-cp310-cp310-musllinux_1_1_i686.whl", hash = "sha256:694deca8d702d5db21ec83983ce0bb4b26a578e71fbdbd4fdcd387daa90e4d5e"},
    {file = "MarkupSafe-2.1.1-cp310-cp310-musllinux_1_1_x86_64.whl", hash = "sha256:efc1913fd2ca4f334418481c7e595c00aad186563bbc1ec76067848c7ca0a933"},
    {file = "MarkupSafe-2.1.1-cp310-cp310-win32.whl", hash = "sha256:4a33dea2b688b3190ee12bd7cfa29d39c9ed176bda40bfa11099a3ce5d3a7ac6"},
    {file = "MarkupSafe-2.1.1-cp310-cp310-win_amd64.whl", hash = "sha256:dda30ba7e87fbbb7eab1ec9f58678558fd9a6b8b853530e176eabd064da81417"},
    {file = "MarkupSafe-2.1.1-cp37-cp37m-macosx_10_9_x86_64.whl", hash = "sha256:671cd1187ed5e62818414afe79ed29da836dde67166a9fac6d435873c44fdd02"},
    {file = "MarkupSafe-2.1.1-cp37-cp37m-manylinux_2_17_aarch64.manylinux2014_aarch64.whl", hash = "sha256:3799351e2336dc91ea70b034983ee71cf2f9533cdff7c14c90ea126bfd95d65a"},
    {file = "MarkupSafe-2.1.1-cp37-cp37m-manylinux_2_17_x86_64.manylinux2014_x86_64.whl", hash = "sha256:e72591e9ecd94d7feb70c1cbd7be7b3ebea3f548870aa91e2732960fa4d57a37"},
    {file = "MarkupSafe-2.1.1-cp37-cp37m-manylinux_2_5_i686.manylinux1_i686.manylinux_2_17_i686.manylinux2014_i686.whl", hash = "sha256:6fbf47b5d3728c6aea2abb0589b5d30459e369baa772e0f37a0320185e87c980"},
    {file = "MarkupSafe-2.1.1-cp37-cp37m-musllinux_1_1_aarch64.whl", hash = "sha256:d5ee4f386140395a2c818d149221149c54849dfcfcb9f1debfe07a8b8bd63f9a"},
    {file = "MarkupSafe-2.1.1-cp37-cp37m-musllinux_1_1_i686.whl", hash = "sha256:bcb3ed405ed3222f9904899563d6fc492ff75cce56cba05e32eff40e6acbeaa3"},
    {file = "MarkupSafe-2.1.1-cp37-cp37m-musllinux_1_1_x86_64.whl", hash = "sha256:e1c0b87e09fa55a220f058d1d49d3fb8df88fbfab58558f1198e08c1e1de842a"},
    {file = "MarkupSafe-2.1.1-cp37-cp37m-win32.whl", hash = "sha256:8dc1c72a69aa7e082593c4a203dcf94ddb74bb5c8a731e4e1eb68d031e8498ff"},
    {file = "MarkupSafe-2.1.1-cp37-cp37m-win_amd64.whl", hash = "sha256:97a68e6ada378df82bc9f16b800ab77cbf4b2fada0081794318520138c088e4a"},
    {file = "MarkupSafe-2.1.1-cp38-cp38-macosx_10_9_universal2.whl", hash = "sha256:e8c843bbcda3a2f1e3c2ab25913c80a3c5376cd00c6e8c4a86a89a28c8dc5452"},
    {file = "MarkupSafe-2.1.1-cp38-cp38-macosx_10_9_x86_64.whl", hash = "sha256:0212a68688482dc52b2d45013df70d169f542b7394fc744c02a57374a4207003"},
    {file = "MarkupSafe-2.1.1-cp38-cp38-manylinux_2_17_aarch64.manylinux2014_aarch64.whl", hash = "sha256:8e576a51ad59e4bfaac456023a78f6b5e6e7651dcd383bcc3e18d06f9b55d6d1"},
    {file = "MarkupSafe-2.1.1-cp38-cp38-manylinux_2_17_x86_64.manylinux2014_x86_64.whl", hash = "sha256:4b9fe39a2ccc108a4accc2676e77da025ce383c108593d65cc909add5c3bd601"},
    {file = "MarkupSafe-2.1.1-cp38-cp38-manylinux_2_5_i686.manylinux1_i686.manylinux_2_17_i686.manylinux2014_i686.whl", hash = "sha256:96e37a3dc86e80bf81758c152fe66dbf60ed5eca3d26305edf01892257049925"},
    {file = "MarkupSafe-2.1.1-cp38-cp38-musllinux_1_1_aarch64.whl", hash = "sha256:6d0072fea50feec76a4c418096652f2c3238eaa014b2f94aeb1d56a66b41403f"},
    {file = "MarkupSafe-2.1.1-cp38-cp38-musllinux_1_1_i686.whl", hash = "sha256:089cf3dbf0cd6c100f02945abeb18484bd1ee57a079aefd52cffd17fba910b88"},
    {file = "MarkupSafe-2.1.1-cp38-cp38-musllinux_1_1_x86_64.whl", hash = "sha256:6a074d34ee7a5ce3effbc526b7083ec9731bb3cbf921bbe1d3005d4d2bdb3a63"},
    {file = "MarkupSafe-2.1.1-cp38-cp38-win32.whl", hash = "sha256:421be9fbf0ffe9ffd7a378aafebbf6f4602d564d34be190fc19a193232fd12b1"},
    {file = "MarkupSafe-2.1.1-cp38-cp38-win_amd64.whl", hash = "sha256:fc7b548b17d238737688817ab67deebb30e8073c95749d55538ed473130ec0c7"},
    {file = "MarkupSafe-2.1.1-cp39-cp39-macosx_10_9_universal2.whl", hash = "sha256:e04e26803c9c3851c931eac40c695602c6295b8d432cbe78609649ad9bd2da8a"},
    {file = "MarkupSafe-2.1.1-cp39-cp39-macosx_10_9_x86_64.whl", hash = "sha256:b87db4360013327109564f0e591bd2a3b318547bcef31b468a92ee504d07ae4f"},
    {file = "MarkupSafe-2.1.1-cp39-cp39-manylinux_2_17_aarch64.manylinux2014_aarch64.whl", hash = "sha256:99a2a507ed3ac881b975a2976d59f38c19386d128e7a9a18b7df6fff1fd4c1d6"},
    {file = "MarkupSafe-2.1.1-cp39-cp39-manylinux_2_17_x86_64.manylinux2014_x86_64.whl", hash = "sha256:56442863ed2b06d19c37f94d999035e15ee982988920e12a5b4ba29b62ad1f77"},
    {file = "MarkupSafe-2.1.1-cp39-cp39-manylinux_2_5_i686.manylinux1_i686.manylinux_2_17_i686.manylinux2014_i686.whl", hash = "sha256:3ce11ee3f23f79dbd06fb3d63e2f6af7b12db1d46932fe7bd8afa259a5996603"},
    {file = "MarkupSafe-2.1.1-cp39-cp39-musllinux_1_1_aarch64.whl", hash = "sha256:33b74d289bd2f5e527beadcaa3f401e0df0a89927c1559c8566c066fa4248ab7"},
    {file = "MarkupSafe-2.1.1-cp39-cp39-musllinux_1_1_i686.whl", hash = "sha256:43093fb83d8343aac0b1baa75516da6092f58f41200907ef92448ecab8825135"},
    {file = "MarkupSafe-2.1.1-cp39-cp39-musllinux_1_1_x86_64.whl", hash = "sha256:8e3dcf21f367459434c18e71b2a9532d96547aef8a871872a5bd69a715c15f96"},
    {file = "MarkupSafe-2.1.1-cp39-cp39-win32.whl", hash = "sha256:d4306c36ca495956b6d568d276ac11fdd9c30a36f1b6eb928070dc5360b22e1c"},
    {file = "MarkupSafe-2.1.1-cp39-cp39-win_amd64.whl", hash = "sha256:46d00d6cfecdde84d40e572d63735ef81423ad31184100411e6e3388d405e247"},
    {file = "MarkupSafe-2.1.1.tar.gz", hash = "sha256:7f91197cc9e48f989d12e4e6fbc46495c446636dfc81b9ccf50bb0ec74b91d4b"},
]
pelican = [
    {file = "pelican-4.7.2-py3-none-any.whl", hash = "sha256:36b0ee11104102e988f051d148ec118efb0b254e3b5a5ff244258eabd5e4ac10"},
    {file = "pelican-4.7.2.tar.gz", hash = "sha256:1cf11912811e053da9915265dbe72da570c63e25ae00ea01a616429458b33354"},
]
pelican-frontmark = [
    {file = "pelican_frontmark-1.2.1-py2.py3-none-any.whl", hash = "sha256:365c3e0ffdf1e467f3585f3b934300c5b55a2dc13148f158fcb8ea003df1c55a"},
]
pelican-neighbors = [
    {file = "pelican-neighbors-1.2.0.tar.gz", hash = "sha256:1cbeee08f4d2e135452c044924c3f8e5e39ff083dcfb7485e8eeafdab9d2e445"},
    {file = "pelican_neighbors-1.2.0-py3-none-any.whl", hash = "sha256:963df1d27dd8b34ac7b85320e63184d3f4e396e4570a3d49f5911246387a35bb"},
]
pelican-pandoc-reader = [
    {file = "pelican-pandoc-reader-1.1.0.tar.gz", hash = "sha256:3c7d4628630ba892afebfd2cc82b4aa70dd4686775be54b81a755514ad7823e7"},
    {file = "pelican_pandoc_reader-1.1.0-py3-none-any.whl", hash = "sha256:83dbbb667f8421f26cbfeba79a3ae3e6268a6e225ee4b985745636a9eee35014"},
]
pygments = [
    {file = "Pygments-2.11.2-py3-none-any.whl", hash = "sha256:44238f1b60a76d78fc8ca0528ee429702aae011c265fe6a8dd8b63049ae41c65"},
    {file = "Pygments-2.11.2.tar.gz", hash = "sha256:4e426f72023d88d03b2fa258de560726ce890ff3b630f88c21cbb8b2503b8c6a"},
]
python-dateutil = [
    {file = "python-dateutil-2.8.2.tar.gz", hash = "sha256:0123cacc1627ae19ddf3c27a5de5bd67ee4586fbdd6440d9748f8abb483d3e86"},
    {file = "python_dateutil-2.8.2-py2.py3-none-any.whl", hash = "sha256:961d03dc3453ebbc59dbdea9e4e11c5651520a876d0f4db161e8674aae935da9"},
]
pytz = [
    {file = "pytz-2022.1-py2.py3-none-any.whl", hash = "sha256:e68985985296d9a66a881eb3193b0906246245294a881e7c8afe623866ac6a5c"},
    {file = "pytz-2022.1.tar.gz", hash = "sha256:1e760e2fe6a8163bc0b3d9a19c4f84342afa0a2affebfaa84b01b978a02ecaa7"},
]
pyyaml = [
    {file = "PyYAML-5.4.1-cp27-cp27m-macosx_10_9_x86_64.whl", hash = "sha256:3b2b1824fe7112845700f815ff6a489360226a5609b96ec2190a45e62a9fc922"},
    {file = "PyYAML-5.4.1-cp27-cp27m-win32.whl", hash = "sha256:129def1b7c1bf22faffd67b8f3724645203b79d8f4cc81f674654d9902cb4393"},
    {file = "PyYAML-5.4.1-cp27-cp27m-win_amd64.whl", hash = "sha256:4465124ef1b18d9ace298060f4eccc64b0850899ac4ac53294547536533800c8"},
    {file = "PyYAML-5.4.1-cp27-cp27mu-manylinux1_x86_64.whl", hash = "sha256:bb4191dfc9306777bc594117aee052446b3fa88737cd13b7188d0e7aa8162185"},
    {file = "PyYAML-5.4.1-cp36-cp36m-macosx_10_9_x86_64.whl", hash = "sha256:6c78645d400265a062508ae399b60b8c167bf003db364ecb26dcab2bda048253"},
    {file = "PyYAML-5.4.1-cp36-cp36m-manylinux1_x86_64.whl", hash = "sha256:4e0583d24c881e14342eaf4ec5fbc97f934b999a6828693a99157fde912540cc"},
    {file = "PyYAML-5.4.1-cp36-cp36m-manylinux2014_aarch64.whl", hash = "sha256:72a01f726a9c7851ca9bfad6fd09ca4e090a023c00945ea05ba1638c09dc3347"},
    {file = "PyYAML-5.4.1-cp36-cp36m-manylinux2014_s390x.whl", hash = "sha256:895f61ef02e8fed38159bb70f7e100e00f471eae2bc838cd0f4ebb21e28f8541"},
    {file = "PyYAML-5.4.1-cp36-cp36m-win32.whl", hash = "sha256:3bd0e463264cf257d1ffd2e40223b197271046d09dadf73a0fe82b9c1fc385a5"},
    {file = "PyYAML-5.4.1-cp36-cp36m-win_amd64.whl", hash = "sha256:e4fac90784481d221a8e4b1162afa7c47ed953be40d31ab4629ae917510051df"},
    {file = "PyYAML-5.4.1-cp37-cp37m-macosx_10_9_x86_64.whl", hash = "sha256:5accb17103e43963b80e6f837831f38d314a0495500067cb25afab2e8d7a4018"},
    {file = "PyYAML-5.4.1-cp37-cp37m-manylinux1_x86_64.whl", hash = "sha256:e1d4970ea66be07ae37a3c2e48b5ec63f7ba6804bdddfdbd3cfd954d25a82e63"},
    {file = "PyYAML-5.4.1-cp37-cp37m-manylinux2014_aarch64.whl", hash = "sha256:cb333c16912324fd5f769fff6bc5de372e9e7a202247b48870bc251ed40239aa"},
    {file = "PyYAML-5.4.1-cp37-cp37m-manylinux2014_s390x.whl", hash = "sha256:fe69978f3f768926cfa37b867e3843918e012cf83f680806599ddce33c2c68b0"},
    {file = "PyYAML-5.4.1-cp37-cp37m-win32.whl", hash = "sha256:dd5de0646207f053eb0d6c74ae45ba98c3395a571a2891858e87df7c9b9bd51b"},
    {file = "PyYAML-5.4.1-cp37-cp37m-win_amd64.whl", hash = "sha256:08682f6b72c722394747bddaf0aa62277e02557c0fd1c42cb853016a38f8dedf"},
    {file = "PyYAML-5.4.1-cp38-cp38-macosx_10_9_x86_64.whl", hash = "sha256:d2d9808ea7b4af864f35ea216be506ecec180628aced0704e34aca0b040ffe46"},
    {file = "PyYAML-5.4.1-cp38-cp38-manylinux1_x86_64.whl", hash = "sha256:8c1be557ee92a20f184922c7b6424e8ab6691788e6d86137c5d93c1a6ec1b8fb"},
    {file = "PyYAML-5.4.1-cp38-cp38-manylinux2014_aarch64.whl", hash = "sha256:fd7f6999a8070df521b6384004ef42833b9bd62cfee11a09bda1079b4b704247"},
    {file = "PyYAML-5.4.1-cp38-cp38-manylinux2014_s390x.whl", hash = "sha256:bfb51918d4ff3d77c1c856a9699f8492c612cde32fd3bcd344af9be34999bfdc"},
    {file = "PyYAML-5.4.1-cp38-cp38-win32.whl", hash = "sha256:fa5ae20527d8e831e8230cbffd9f8fe952815b2b7dae6ffec25318803a7528fc"},
    {file = "PyYAML-5.4.1-cp38-cp38-win_amd64.whl", hash = "sha256:0f5f5786c0e09baddcd8b4b45f20a7b5d61a7e7e99846e3c799b05c7c53fa696"},
    {file = "PyYAML-5.4.1-cp39-cp39-macosx_10_9_x86_64.whl", hash = "sha256:294db365efa064d00b8d1ef65d8ea2c3426ac366c0c4368d930bf1c5fb497f77"},
    {file = "PyYAML-5.4.1-cp39-cp39-manylinux1_x86_64.whl", hash = "sha256:74c1485f7707cf707a7aef42ef6322b8f97921bd89be2ab6317fd782c2d53183"},
    {file = "PyYAML-5.4.1-cp39-cp39-manylinux2014_aarch64.whl", hash = "sha256:d483ad4e639292c90170eb6f7783ad19490e7a8defb3e46f97dfe4bacae89122"},
    {file = "PyYAML-5.4.1-cp39-cp39-manylinux2014_s390x.whl", hash = "sha256:fdc842473cd33f45ff6bce46aea678a54e3d21f1b61a7750ce3c498eedfe25d6"},
    {file = "PyYAML-5.4.1-cp39-cp39-win32.whl", hash = "sha256:49d4cdd9065b9b6e206d0595fee27a96b5dd22618e7520c33204a4a3239d5b10"},
    {file = "PyYAML-5.4.1-cp39-cp39-win_amd64.whl", hash = "sha256:c20cfa2d49991c8b4147af39859b167664f2ad4561704ee74c1de03318e898db"},
    {file = "PyYAML-5.4.1.tar.gz", hash = "sha256:607774cbba28732bfa802b54baa7484215f530991055bb562efbed5b2f20a45e"},
]
rich = [
    {file = "rich-12.0.1-py3-none-any.whl", hash = "sha256:ce5c714e984a2d185399e4e1dd1f8b2feacb7cecfc576f1522425643a36a57ea"},
    {file = "rich-12.0.1.tar.gz", hash = "sha256:3fba9dd15ebe048e2795a02ac19baee79dc12cc50b074ef70f2958cd651b59a9"},
]
six = [
    {file = "six-1.16.0-py2.py3-none-any.whl", hash = "sha256:8abb2f1d86890a2dfb989f9a77cfcfd3e47c2a354b01111771326f8aa26e0254"},
    {file = "six-1.16.0.tar.gz", hash = "sha256:1e61c37477a1626458e36f7b1d82aa5c9b094fa4802892072e49de9c60c4c926"},
]
smartypants = [
    {file = "smartypants-2.0.1-py2.py3-none-any.whl", hash = "sha256:8db97f7cbdf08d15b158a86037cd9e116b4cf37703d24e0419a0d64ca5808f0d"},
]
soupsieve = [
    {file = "soupsieve-2.3.1-py3-none-any.whl", hash = "sha256:1a3cca2617c6b38c0343ed661b1fa5de5637f257d4fe22bd9f1338010a1efefb"},
    {file = "soupsieve-2.3.1.tar.gz", hash = "sha256:b8d49b1cd4f037c7082a9683dfa1801aa2597fb11c3a1155b7a5b94829b4f1f9"},
]
typogrify = [
    {file = "typogrify-2.0.7.tar.gz", hash = "sha256:8be4668cda434163ce229d87ca273a11922cb1614cb359970b7dc96eed13cb38"},
]
unidecode = [
    {file = "Unidecode-1.3.4-py3-none-any.whl", hash = "sha256:afa04efcdd818a93237574791be9b2817d7077c25a068b00f8cff7baa4e59257"},
    {file = "Unidecode-1.3.4.tar.gz", hash = "sha256:8e4352fb93d5a735c788110d2e7ac8e8031eb06ccbfe8d324ab71735015f9342"},
]
